{
  "object": {
    "pins": [
      {
        "package": "Sentry",
        "repositoryURL": "https://github.com/getsentry/sentry-cocoa.git",
        "state": {
          "branch": null,
          "revision": "967f04b3cd6989df3f9ced3060481a21646c146d",
          "version": "7.9.0"
        }
      }
    ]
  },
  "version": 1
}
